// !$*UTF8*$!
{
	archiveVersion = 1;
	classes = {
	};
	objectVersion = 77;
	objects = {

/* Begin PBXBuildFile section */
		3D0F69712D4CE79000C4196B /* StyledQuizProvider.swift in Sources */ = {isa = PBXBuildFile; fileRef = 3D0F69702D4CE79000C4196B /* StyledQuizProvider.swift */; };
		3D0F69742D4CF24B00C4196B /* HomophonesViewController.swift in Sources */ = {isa = PBXBuildFile; fileRef = 3D0F69732D4CF24B00C4196B /* HomophonesViewController.swift */; };
		3D0F69762D50DFD100C4196B /* HomophonesGameEngine.swift in Sources */ = {isa = PBXBuildFile; fileRef = 3D0F69752D50DFD100C4196B /* HomophonesGameEngine.swift */; };
		3D0F69782D5111E300C4196B /* HomophonesWithImagesProvider.swift in Sources */ = {isa = PBXBuildFile; fileRef = 3D0F69772D5111E300C4196B /* HomophonesWithImagesProvider.swift */; };
		3D0F697A2D51120E00C4196B /* HomophonesProvider.swift in Sources */ = {isa = PBXBuildFile; fileRef = 3D0F69792D51120E00C4196B /* HomophonesProvider.swift */; };
		3D0F697C2D513C9200C4196B /* Car.swift in Sources */ = {isa = PBXBuildFile; fileRef = 3D0F697B2D513C9000C4196B /* Car.swift */; };
		3D0F697E2D513CAC00C4196B /* Homophone.swift in Sources */ = {isa = PBXBuildFile; fileRef = 3D0F697D2D513CA900C4196B /* Homophone.swift */; };
		3D0F69862D513FA300C4196B /* HomophoneWithImage.swift in Sources */ = {isa = PBXBuildFile; fileRef = 3D0F69852D513FA000C4196B /* HomophoneWithImage.swift */; };
		3D0F698A2D5227C300C4196B /* WordsImageView.swift in Sources */ = {isa = PBXBuildFile; fileRef = 3D0F69892D5227C300C4196B /* WordsImageView.swift */; };
		3D0F698E2D526DC000C4196B /* HomophoneCardView.swift in Sources */ = {isa = PBXBuildFile; fileRef = 3D0F698D2D526DC000C4196B /* HomophoneCardView.swift */; };
		3D85BD792D4AA09900D2BC03 /* Helpers.swift in Sources */ = {isa = PBXBuildFile; fileRef = 3D85BD782D4AA09900D2BC03 /* Helpers.swift */; };
		3D913FDB2D4BEE9D0035F3DD /* QuizProvider.swift in Sources */ = {isa = PBXBuildFile; fileRef = 3D913FDA2D4BEE990035F3DD /* QuizProvider.swift */; };
		3D9F9F712D47FC68002FE4A6 /* Assets.xcassets in Resources */ = {isa = PBXBuildFile; fileRef = 3D9F9F652D47FC68002FE4A6 /* Assets.xcassets */; };
		3D9F9F732D47FC68002FE4A6 /* LaunchScreen.storyboard in Resources */ = {isa = PBXBuildFile; fileRef = 3D9F9F692D47FC68002FE4A6 /* LaunchScreen.storyboard */; };
		3D9F9F742D47FC68002FE4A6 /* Main.storyboard in Resources */ = {isa = PBXBuildFile; fileRef = 3D9F9F6B2D47FC68002FE4A6 /* Main.storyboard */; };
		3D9F9F752D47FC68002FE4A6 /* AppDelegate.swift in Sources */ = {isa = PBXBuildFile; fileRef = 3D9F9F642D47FC68002FE4A6 /* AppDelegate.swift */; };
		3D9F9F762D47FC68002FE4A6 /* CarsGameEngine.swift in Sources */ = {isa = PBXBuildFile; fileRef = 3D9F9F662D47FC68002FE4A6 /* CarsGameEngine.swift */; };
		3D9F9F772D47FC68002FE4A6 /* CarsQuizViewController.swift in Sources */ = {isa = PBXBuildFile; fileRef = 3D9F9F6C2D47FC68002FE4A6 /* CarsQuizViewController.swift */; };
		3D9F9F782D47FC68002FE4A6 /* NavigationController.swift in Sources */ = {isa = PBXBuildFile; fileRef = 3D9F9F6D2D47FC68002FE4A6 /* NavigationController.swift */; };
		3D9F9F792D47FC68002FE4A6 /* QuizGalleryViewController.swift in Sources */ = {isa = PBXBuildFile; fileRef = 3D9F9F6E2D47FC68002FE4A6 /* QuizGalleryViewController.swift */; };
		3D9F9F7A2D47FC68002FE4A6 /* SceneDelegate.swift in Sources */ = {isa = PBXBuildFile; fileRef = 3D9F9F6F2D47FC68002FE4A6 /* SceneDelegate.swift */; };
		3D9F9F802D4807A1002FE4A6 /* QuizTableViewCell.swift in Sources */ = {isa = PBXBuildFile; fileRef = 3D9F9F7F2D4807A1002FE4A6 /* QuizTableViewCell.swift */; };
/* End PBXBuildFile section */

/* Begin PBXFileReference section */
		3D0F69702D4CE79000C4196B /* StyledQuizProvider.swift */ = {isa = PBXFileReference; lastKnownFileType = sourcecode.swift; path = StyledQuizProvider.swift; sourceTree = "<group>"; };
		3D0F69732D4CF24B00C4196B /* HomophonesViewController.swift */ = {isa = PBXFileReference; lastKnownFileType = sourcecode.swift; path = HomophonesViewController.swift; sourceTree = "<group>"; };
		3D0F69752D50DFD100C4196B /* HomophonesGameEngine.swift */ = {isa = PBXFileReference; lastKnownFileType = sourcecode.swift; path = HomophonesGameEngine.swift; sourceTree = "<group>"; };
		3D0F69772D5111E300C4196B /* HomophonesWithImagesProvider.swift */ = {isa = PBXFileReference; lastKnownFileType = sourcecode.swift; path = HomophonesWithImagesProvider.swift; sourceTree = "<group>"; };
		3D0F69792D51120E00C4196B /* HomophonesProvider.swift */ = {isa = PBXFileReference; lastKnownFileType = sourcecode.swift; path = HomophonesProvider.swift; sourceTree = "<group>"; };
		3D0F697B2D513C9000C4196B /* Car.swift */ = {isa = PBXFileReference; lastKnownFileType = sourcecode.swift; path = Car.swift; sourceTree = "<group>"; };
		3D0F697D2D513CA900C4196B /* Homophone.swift */ = {isa = PBXFileReference; lastKnownFileType = sourcecode.swift; path = Homophone.swift; sourceTree = "<group>"; };
		3D0F69852D513FA000C4196B /* HomophoneWithImage.swift */ = {isa = PBXFileReference; lastKnownFileType = sourcecode.swift; path = HomophoneWithImage.swift; sourceTree = "<group>"; };
		3D0F69892D5227C300C4196B /* WordsImageView.swift */ = {isa = PBXFileReference; lastKnownFileType = sourcecode.swift; path = WordsImageView.swift; sourceTree = "<group>"; };
		3D0F698D2D526DC000C4196B /* HomophoneCardView.swift */ = {isa = PBXFileReference; lastKnownFileType = sourcecode.swift; path = HomophoneCardView.swift; sourceTree = "<group>"; };
		3D85BD782D4AA09900D2BC03 /* Helpers.swift */ = {isa = PBXFileReference; lastKnownFileType = sourcecode.swift; path = Helpers.swift; sourceTree = "<group>"; };
		3D913FDA2D4BEE990035F3DD /* QuizProvider.swift */ = {isa = PBXFileReference; lastKnownFileType = sourcecode.swift; path = QuizProvider.swift; sourceTree = "<group>"; };
		3D9D46612D401197000ABE2C /* Cars Quiz.app */ = {isa = PBXFileReference; explicitFileType = wrapper.application; includeInIndex = 0; path = "Cars Quiz.app"; sourceTree = BUILT_PRODUCTS_DIR; };
		3D9F9F642D47FC68002FE4A6 /* AppDelegate.swift */ = {isa = PBXFileReference; lastKnownFileType = sourcecode.swift; path = AppDelegate.swift; sourceTree = "<group>"; };
		3D9F9F652D47FC68002FE4A6 /* Assets.xcassets */ = {isa = PBXFileReference; lastKnownFileType = folder.assetcatalog; path = Assets.xcassets; sourceTree = "<group>"; };
		3D9F9F662D47FC68002FE4A6 /* CarsGameEngine.swift */ = {isa = PBXFileReference; lastKnownFileType = sourcecode.swift; path = CarsGameEngine.swift; sourceTree = "<group>"; };
		3D9F9F672D47FC68002FE4A6 /* Info.plist */ = {isa = PBXFileReference; lastKnownFileType = text.plist.xml; path = Info.plist; sourceTree = "<group>"; };
		3D9F9F682D47FC68002FE4A6 /* Base */ = {isa = PBXFileReference; lastKnownFileType = file.storyboard; name = Base; path = Base.lproj/LaunchScreen.storyboard; sourceTree = "<group>"; };
		3D9F9F6A2D47FC68002FE4A6 /* Base */ = {isa = PBXFileReference; lastKnownFileType = file.storyboard; name = Base; path = Base.lproj/Main.storyboard; sourceTree = "<group>"; };
		3D9F9F6C2D47FC68002FE4A6 /* CarsQuizViewController.swift */ = {isa = PBXFileReference; lastKnownFileType = sourcecode.swift; path = CarsQuizViewController.swift; sourceTree = "<group>"; };
		3D9F9F6D2D47FC68002FE4A6 /* NavigationController.swift */ = {isa = PBXFileReference; lastKnownFileType = sourcecode.swift; path = NavigationController.swift; sourceTree = "<group>"; };
		3D9F9F6E2D47FC68002FE4A6 /* QuizGalleryViewController.swift */ = {isa = PBXFileReference; lastKnownFileType = sourcecode.swift; path = QuizGalleryViewController.swift; sourceTree = "<group>"; };
		3D9F9F6F2D47FC68002FE4A6 /* SceneDelegate.swift */ = {isa = PBXFileReference; lastKnownFileType = sourcecode.swift; path = SceneDelegate.swift; sourceTree = "<group>"; };
		3D9F9F7F2D4807A1002FE4A6 /* QuizTableViewCell.swift */ = {isa = PBXFileReference; lastKnownFileType = sourcecode.swift; path = QuizTableViewCell.swift; sourceTree = "<group>"; };
/* End PBXFileReference section */

/* Begin PBXFrameworksBuildPhase section */
		3D9D465E2D401197000ABE2C /* Frameworks */ = {
			isa = PBXFrameworksBuildPhase;
			buildActionMask = 2147483647;
			files = (
			);
			runOnlyForDeploymentPostprocessing = 0;
		};
/* End PBXFrameworksBuildPhase section */

/* Begin PBXGroup section */
		3D0F69722D4CF21C00C4196B /* Homophones Quiz */ = {
			isa = PBXGroup;
			children = (
				3D75BFCE2D53927300CFDABC /* Engine */,
				3D0F69882D52272600C4196B /* Views */,
				3D0F69792D51120E00C4196B /* HomophonesProvider.swift */,
				3D0F69772D5111E300C4196B /* HomophonesWithImagesProvider.swift */,
				3D0F69732D4CF24B00C4196B /* HomophonesViewController.swift */,
			);
			path = "Homophones Quiz";
			sourceTree = "<group>";
		};
		3D0F69882D52272600C4196B /* Views */ = {
			isa = PBXGroup;
			children = (
				3D0F698D2D526DC000C4196B /* HomophoneCardView.swift */,
				3D0F69892D5227C300C4196B /* WordsImageView.swift */,
			);
			path = Views;
			sourceTree = "<group>";
		};
		3D75BFCE2D53927300CFDABC /* Engine */ = {
			isa = PBXGroup;
			children = (
				3D0F697D2D513CA900C4196B /* Homophone.swift */,
				3D0F69852D513FA000C4196B /* HomophoneWithImage.swift */,
				3D0F69752D50DFD100C4196B /* HomophonesGameEngine.swift */,
			);
			path = Engine;
			sourceTree = "<group>";
		};
		3D85BD772D4AA08400D2BC03 /* Helpers */ = {
			isa = PBXGroup;
			children = (
				3D85BD782D4AA09900D2BC03 /* Helpers.swift */,
			);
			path = Helpers;
			sourceTree = "<group>";
		};
		3D85BD7A2D4AA0E600D2BC03 /* Cars Quiz */ = {
			isa = PBXGroup;
			children = (
				3D0F697B2D513C9000C4196B /* Car.swift */,
				3D9F9F662D47FC68002FE4A6 /* CarsGameEngine.swift */,
				3D9F9F6C2D47FC68002FE4A6 /* CarsQuizViewController.swift */,
			);
			path = "Cars Quiz";
			sourceTree = "<group>";
		};
		3D85BD7B2D4AA10300D2BC03 /* Quizes */ = {
			isa = PBXGroup;
			children = (
				3D913FDA2D4BEE990035F3DD /* QuizProvider.swift */,
				3D0F69702D4CE79000C4196B /* StyledQuizProvider.swift */,
				3D85BD7A2D4AA0E600D2BC03 /* Cars Quiz */,
				3D0F69722D4CF21C00C4196B /* Homophones Quiz */,
			);
			path = Quizes;
			sourceTree = "<group>";
		};
		3D9D46582D401197000ABE2C = {
			isa = PBXGroup;
			children = (
				3D9F9F702D47FC68002FE4A6 /* Cars Quiz */,
				3D9D46622D401197000ABE2C /* Products */,
			);
			sourceTree = "<group>";
		};
		3D9D46622D401197000ABE2C /* Products */ = {
			isa = PBXGroup;
			children = (
				3D9D46612D401197000ABE2C /* Cars Quiz.app */,
			);
			name = Products;
			sourceTree = "<group>";
		};
		3D9F9F632D47FC68002FE4A6 /* ViewControllers */ = {
			isa = PBXGroup;
			children = (
				3D9F9F6D2D47FC68002FE4A6 /* NavigationController.swift */,
				3D9F9F6E2D47FC68002FE4A6 /* QuizGalleryViewController.swift */,
			);
			path = ViewControllers;
			sourceTree = "<group>";
		};
		3D9F9F702D47FC68002FE4A6 /* Cars Quiz */ = {
			isa = PBXGroup;
			children = (
				3D9F9F642D47FC68002FE4A6 /* AppDelegate.swift */,
				3D9F9F6F2D47FC68002FE4A6 /* SceneDelegate.swift */,
				3D85BD7B2D4AA10300D2BC03 /* Quizes */,
				3D9F9F632D47FC68002FE4A6 /* ViewControllers */,
				3D9F9F7C2D4805B0002FE4A6 /* Views */,
				3D85BD772D4AA08400D2BC03 /* Helpers */,
				3D9F9F652D47FC68002FE4A6 /* Assets.xcassets */,
				3D9F9F692D47FC68002FE4A6 /* LaunchScreen.storyboard */,
				3D9F9F6B2D47FC68002FE4A6 /* Main.storyboard */,
				3D9F9F672D47FC68002FE4A6 /* Info.plist */,
			);
			path = "Cars Quiz";
			sourceTree = "<group>";
		};
		3D9F9F7C2D4805B0002FE4A6 /* Views */ = {
			isa = PBXGroup;
			children = (
				3D9F9F7F2D4807A1002FE4A6 /* QuizTableViewCell.swift */,
			);
			path = Views;
			sourceTree = "<group>";
		};
/* End PBXGroup section */

/* Begin PBXNativeTarget section */
		3D9D46602D401197000ABE2C /* Cars Quiz */ = {
			isa = PBXNativeTarget;
			buildConfigurationList = 3D9D46742D401198000ABE2C /* Build configuration list for PBXNativeTarget "Cars Quiz" */;
			buildPhases = (
				3D9D465D2D401197000ABE2C /* Sources */,
				3D9D465E2D401197000ABE2C /* Frameworks */,
				3D9D465F2D401197000ABE2C /* Resources */,
			);
			buildRules = (
			);
			dependencies = (
			);
			name = "Cars Quiz";
			packageProductDependencies = (
			);
			productName = "Cars Quiz";
			productReference = 3D9D46612D401197000ABE2C /* Cars Quiz.app */;
			productType = "com.apple.product-type.application";
		};
/* End PBXNativeTarget section */

/* Begin PBXProject section */
		3D9D46592D401197000ABE2C /* Project object */ = {
			isa = PBXProject;
			attributes = {
				BuildIndependentTargetsInParallel = 1;
				LastSwiftUpdateCheck = 1620;
				LastUpgradeCheck = 1620;
				TargetAttributes = {
					3D9D46602D401197000ABE2C = {
						CreatedOnToolsVersion = 16.2;
					};
				};
			};
			buildConfigurationList = 3D9D465C2D401197000ABE2C /* Build configuration list for PBXProject "Cars Quiz" */;
			developmentRegion = en;
			hasScannedForEncodings = 0;
			knownRegions = (
				en,
				Base,
			);
			mainGroup = 3D9D46582D401197000ABE2C;
			minimizedProjectReferenceProxies = 1;
			preferredProjectObjectVersion = 77;
			productRefGroup = 3D9D46622D401197000ABE2C /* Products */;
			projectDirPath = "";
			projectRoot = "";
			targets = (
				3D9D46602D401197000ABE2C /* Cars Quiz */,
			);
		};
/* End PBXProject section */

/* Begin PBXResourcesBuildPhase section */
		3D9D465F2D401197000ABE2C /* Resources */ = {
			isa = PBXResourcesBuildPhase;
			buildActionMask = 2147483647;
			files = (
				3D9F9F712D47FC68002FE4A6 /* Assets.xcassets in Resources */,
				3D9F9F732D47FC68002FE4A6 /* LaunchScreen.storyboard in Resources */,
				3D9F9F742D47FC68002FE4A6 /* Main.storyboard in Resources */,
			);
			runOnlyForDeploymentPostprocessing = 0;
		};
/* End PBXResourcesBuildPhase section */

/* Begin PBXSourcesBuildPhase section */
		3D9D465D2D401197000ABE2C /* Sources */ = {
			isa = PBXSourcesBuildPhase;
			buildActionMask = 2147483647;
			files = (
				3D9F9F802D4807A1002FE4A6 /* QuizTableViewCell.swift in Sources */,
				3D913FDB2D4BEE9D0035F3DD /* QuizProvider.swift in Sources */,
				3D0F698A2D5227C300C4196B /* WordsImageView.swift in Sources */,
				3D0F697C2D513C9200C4196B /* Car.swift in Sources */,
				3D9F9F752D47FC68002FE4A6 /* AppDelegate.swift in Sources */,
				3D0F69782D5111E300C4196B /* HomophonesWithImagesProvider.swift in Sources */,
				3D9F9F762D47FC68002FE4A6 /* CarsGameEngine.swift in Sources */,
				3D0F698E2D526DC000C4196B /* HomophoneCardView.swift in Sources */,
				3D85BD792D4AA09900D2BC03 /* Helpers.swift in Sources */,
				3D0F697E2D513CAC00C4196B /* Homophone.swift in Sources */,
				3D0F697A2D51120E00C4196B /* HomophonesProvider.swift in Sources */,
				3D0F69762D50DFD100C4196B /* HomophonesGameEngine.swift in Sources */,
				3D9F9F772D47FC68002FE4A6 /* CarsQuizViewController.swift in Sources */,
				3D9F9F782D47FC68002FE4A6 /* NavigationController.swift in Sources */,
				3D0F69712D4CE79000C4196B /* StyledQuizProvider.swift in Sources */,
				3D9F9F792D47FC68002FE4A6 /* QuizGalleryViewController.swift in Sources */,
				3D9F9F7A2D47FC68002FE4A6 /* SceneDelegate.swift in Sources */,
				3D0F69742D4CF24B00C4196B /* HomophonesViewController.swift in Sources */,
				3D0F69862D513FA300C4196B /* HomophoneWithImage.swift in Sources */,
			);
			runOnlyForDeploymentPostprocessing = 0;
		};
/* End PBXSourcesBuildPhase section */

/* Begin PBXVariantGroup section */
		3D9F9F692D47FC68002FE4A6 /* LaunchScreen.storyboard */ = {
			isa = PBXVariantGroup;
			children = (
				3D9F9F682D47FC68002FE4A6 /* Base */,
			);
			name = LaunchScreen.storyboard;
			sourceTree = "<group>";
		};
		3D9F9F6B2D47FC68002FE4A6 /* Main.storyboard */ = {
			isa = PBXVariantGroup;
			children = (
				3D9F9F6A2D47FC68002FE4A6 /* Base */,
			);
			name = Main.storyboard;
			sourceTree = "<group>";
		};
/* End PBXVariantGroup section */

/* Begin XCBuildConfiguration section */
		3D9D46752D401198000ABE2C /* Debug */ = {
			isa = XCBuildConfiguration;
			buildSettings = {
				ASSETCATALOG_COMPILER_APPICON_NAME = AppIcon;
				ASSETCATALOG_COMPILER_GLOBAL_ACCENT_COLOR_NAME = AccentColor;
				CODE_SIGN_STYLE = Automatic;
				CURRENT_PROJECT_VERSION = 1;
				DEVELOPMENT_TEAM = GJ7HXBAY3H;
				GENERATE_INFOPLIST_FILE = YES;
				INFOPLIST_FILE = "Cars Quiz/Info.plist";
				INFOPLIST_KEY_UIApplicationSupportsIndirectInputEvents = YES;
				INFOPLIST_KEY_UILaunchStoryboardName = LaunchScreen;
				INFOPLIST_KEY_UIMainStoryboardFile = Main;
				INFOPLIST_KEY_UISupportedInterfaceOrientations = "UIInterfaceOrientationLandscapeLeft UIInterfaceOrientationLandscapeRight UIInterfaceOrientationPortrait UIInterfaceOrientationPortraitUpsideDown";
				IPHONEOS_DEPLOYMENT_TARGET = 16.0;
				LD_RUNPATH_SEARCH_PATHS = (
					"$(inherited)",
					"@executable_path/Frameworks",
				);
				MARKETING_VERSION = 1.0;
				PRODUCT_BUNDLE_IDENTIFIER = "com.DanyloLiubyi.Cars-Quiz";
				PRODUCT_NAME = "$(TARGET_NAME)";
				SWIFT_EMIT_LOC_STRINGS = YES;
				SWIFT_VERSION = 5.0;
				TARGETED_DEVICE_FAMILY = "1,2";
			};
			name = Debug;
		};
		3D9D46762D401198000ABE2C /* Release */ = {
			isa = XCBuildConfiguration;
			buildSettings = {
				ASSETCATALOG_COMPILER_APPICON_NAME = AppIcon;
				ASSETCATALOG_COMPILER_GLOBAL_ACCENT_COLOR_NAME = AccentColor;
				CODE_SIGN_STYLE = Automatic;
				CURRENT_PROJECT_VERSION = 1;
				DEVELOPMENT_TEAM = GJ7HXBAY3H;
				GENERATE_INFOPLIST_FILE = YES;
				INFOPLIST_FILE = "Cars Quiz/Info.plist";
				INFOPLIST_KEY_UIApplicationSupportsIndirectInputEvents = YES;
				INFOPLIST_KEY_UILaunchStoryboardName = LaunchScreen;
				INFOPLIST_KEY_UIMainStoryboardFile = Main;
				INFOPLIST_KEY_UISupportedInterfaceOrientations = "UIInterfaceOrientationLandscapeLeft UIInterfaceOrientationLandscapeRight UIInterfaceOrientationPortrait UIInterfaceOrientationPortraitUpsideDown";
				IPHONEOS_DEPLOYMENT_TARGET = 16.0;
				LD_RUNPATH_SEARCH_PATHS = (
					"$(inherited)",
					"@executable_path/Frameworks",
				);
				MARKETING_VERSION = 1.0;
				PRODUCT_BUNDLE_IDENTIFIER = "com.DanyloLiubyi.Cars-Quiz";
				PRODUCT_NAME = "$(TARGET_NAME)";
				SWIFT_EMIT_LOC_STRINGS = YES;
				SWIFT_VERSION = 5.0;
				TARGETED_DEVICE_FAMILY = "1,2";
			};
			name = Release;
		};
		3D9D46772D401198000ABE2C /* Debug */ = {
			isa = XCBuildConfiguration;
			buildSettings = {
				ALWAYS_SEARCH_USER_PATHS = NO;
				ASSETCATALOG_COMPILER_GENERATE_SWIFT_ASSET_SYMBOL_EXTENSIONS = YES;
				CLANG_ANALYZER_NONNULL = YES;
				CLANG_ANALYZER_NUMBER_OBJECT_CONVERSION = YES_AGGRESSIVE;
				CLANG_CXX_LANGUAGE_STANDARD = "gnu++20";
				CLANG_ENABLE_MODULES = YES;
				CLANG_ENABLE_OBJC_ARC = YES;
				CLANG_ENABLE_OBJC_WEAK = YES;
				CLANG_WARN_BLOCK_CAPTURE_AUTORELEASING = YES;
				CLANG_WARN_BOOL_CONVERSION = YES;
				CLANG_WARN_COMMA = YES;
				CLANG_WARN_CONSTANT_CONVERSION = YES;
				CLANG_WARN_DEPRECATED_OBJC_IMPLEMENTATIONS = YES;
				CLANG_WARN_DIRECT_OBJC_ISA_USAGE = YES_ERROR;
				CLANG_WARN_DOCUMENTATION_COMMENTS = YES;
				CLANG_WARN_EMPTY_BODY = YES;
				CLANG_WARN_ENUM_CONVERSION = YES;
				CLANG_WARN_INFINITE_RECURSION = YES;
				CLANG_WARN_INT_CONVERSION = YES;
				CLANG_WARN_NON_LITERAL_NULL_CONVERSION = YES;
				CLANG_WARN_OBJC_IMPLICIT_RETAIN_SELF = YES;
				CLANG_WARN_OBJC_LITERAL_CONVERSION = YES;
				CLANG_WARN_OBJC_ROOT_CLASS = YES_ERROR;
				CLANG_WARN_QUOTED_INCLUDE_IN_FRAMEWORK_HEADER = YES;
				CLANG_WARN_RANGE_LOOP_ANALYSIS = YES;
				CLANG_WARN_STRICT_PROTOTYPES = YES;
				CLANG_WARN_SUSPICIOUS_MOVE = YES;
				CLANG_WARN_UNGUARDED_AVAILABILITY = YES_AGGRESSIVE;
				CLANG_WARN_UNREACHABLE_CODE = YES;
				CLANG_WARN__DUPLICATE_METHOD_MATCH = YES;
				COPY_PHASE_STRIP = NO;
				DEBUG_INFORMATION_FORMAT = dwarf;
				ENABLE_STRICT_OBJC_MSGSEND = YES;
				ENABLE_TESTABILITY = YES;
				ENABLE_USER_SCRIPT_SANDBOXING = YES;
				GCC_C_LANGUAGE_STANDARD = gnu17;
				GCC_DYNAMIC_NO_PIC = NO;
				GCC_NO_COMMON_BLOCKS = YES;
				GCC_OPTIMIZATION_LEVEL = 0;
				GCC_PREPROCESSOR_DEFINITIONS = (
					"DEBUG=1",
					"$(inherited)",
				);
				GCC_WARN_64_TO_32_BIT_CONVERSION = YES;
				GCC_WARN_ABOUT_RETURN_TYPE = YES_ERROR;
				GCC_WARN_UNDECLARED_SELECTOR = YES;
				GCC_WARN_UNINITIALIZED_AUTOS = YES_AGGRESSIVE;
				GCC_WARN_UNUSED_FUNCTION = YES;
				GCC_WARN_UNUSED_VARIABLE = YES;
				IPHONEOS_DEPLOYMENT_TARGET = 18.2;
				LOCALIZATION_PREFERS_STRING_CATALOGS = YES;
				MTL_ENABLE_DEBUG_INFO = INCLUDE_SOURCE;
				MTL_FAST_MATH = YES;
				ONLY_ACTIVE_ARCH = YES;
				SDKROOT = iphoneos;
				SWIFT_ACTIVE_COMPILATION_CONDITIONS = "DEBUG $(inherited)";
				SWIFT_OPTIMIZATION_LEVEL = "-Onone";
			};
			name = Debug;
		};
		3D9D46782D401198000ABE2C /* Release */ = {
			isa = XCBuildConfiguration;
			buildSettings = {
				ALWAYS_SEARCH_USER_PATHS = NO;
				ASSETCATALOG_COMPILER_GENERATE_SWIFT_ASSET_SYMBOL_EXTENSIONS = YES;
				CLANG_ANALYZER_NONNULL = YES;
				CLANG_ANALYZER_NUMBER_OBJECT_CONVERSION = YES_AGGRESSIVE;
				CLANG_CXX_LANGUAGE_STANDARD = "gnu++20";
				CLANG_ENABLE_MODULES = YES;
				CLANG_ENABLE_OBJC_ARC = YES;
				CLANG_ENABLE_OBJC_WEAK = YES;
				CLANG_WARN_BLOCK_CAPTURE_AUTORELEASING = YES;
				CLANG_WARN_BOOL_CONVERSION = YES;
				CLANG_WARN_COMMA = YES;
				CLANG_WARN_CONSTANT_CONVERSION = YES;
				CLANG_WARN_DEPRECATED_OBJC_IMPLEMENTATIONS = YES;
				CLANG_WARN_DIRECT_OBJC_ISA_USAGE = YES_ERROR;
				CLANG_WARN_DOCUMENTATION_COMMENTS = YES;
				CLANG_WARN_EMPTY_BODY = YES;
				CLANG_WARN_ENUM_CONVERSION = YES;
				CLANG_WARN_INFINITE_RECURSION = YES;
				CLANG_WARN_INT_CONVERSION = YES;
				CLANG_WARN_NON_LITERAL_NULL_CONVERSION = YES;
				CLANG_WARN_OBJC_IMPLICIT_RETAIN_SELF = YES;
				CLANG_WARN_OBJC_LITERAL_CONVERSION = YES;
				CLANG_WARN_OBJC_ROOT_CLASS = YES_ERROR;
				CLANG_WARN_QUOTED_INCLUDE_IN_FRAMEWORK_HEADER = YES;
				CLANG_WARN_RANGE_LOOP_ANALYSIS = YES;
				CLANG_WARN_STRICT_PROTOTYPES = YES;
				CLANG_WARN_SUSPICIOUS_MOVE = YES;
				CLANG_WARN_UNGUARDED_AVAILABILITY = YES_AGGRESSIVE;
				CLANG_WARN_UNREACHABLE_CODE = YES;
				CLANG_WARN__DUPLICATE_METHOD_MATCH = YES;
				COPY_PHASE_STRIP = NO;
				DEBUG_INFORMATION_FORMAT = "dwarf-with-dsym";
				ENABLE_NS_ASSERTIONS = NO;
				ENABLE_STRICT_OBJC_MSGSEND = YES;
				ENABLE_USER_SCRIPT_SANDBOXING = YES;
				GCC_C_LANGUAGE_STANDARD = gnu17;
				GCC_NO_COMMON_BLOCKS = YES;
				GCC_WARN_64_TO_32_BIT_CONVERSION = YES;
				GCC_WARN_ABOUT_RETURN_TYPE = YES_ERROR;
				GCC_WARN_UNDECLARED_SELECTOR = YES;
				GCC_WARN_UNINITIALIZED_AUTOS = YES_AGGRESSIVE;
				GCC_WARN_UNUSED_FUNCTION = YES;
				GCC_WARN_UNUSED_VARIABLE = YES;
				IPHONEOS_DEPLOYMENT_TARGET = 18.2;
				LOCALIZATION_PREFERS_STRING_CATALOGS = YES;
				MTL_ENABLE_DEBUG_INFO = NO;
				MTL_FAST_MATH = YES;
				SDKROOT = iphoneos;
				SWIFT_COMPILATION_MODE = wholemodule;
				VALIDATE_PRODUCT = YES;
			};
			name = Release;
		};
/* End XCBuildConfiguration section */

/* Begin XCConfigurationList section */
		3D9D465C2D401197000ABE2C /* Build configuration list for PBXProject "Cars Quiz" */ = {
			isa = XCConfigurationList;
			buildConfigurations = (
				3D9D46772D401198000ABE2C /* Debug */,
				3D9D46782D401198000ABE2C /* Release */,
			);
			defaultConfigurationIsVisible = 0;
			defaultConfigurationName = Release;
		};
		3D9D46742D401198000ABE2C /* Build configuration list for PBXNativeTarget "Cars Quiz" */ = {
			isa = XCConfigurationList;
			buildConfigurations = (
				3D9D46752D401198000ABE2C /* Debug */,
				3D9D46762D401198000ABE2C /* Release */,
			);
			defaultConfigurationIsVisible = 0;
			defaultConfigurationName = Release;
		};
/* End XCConfigurationList section */
	};
	rootObject = 3D9D46592D401197000ABE2C /* Project object */;
}
